
Microsoft Visual Studio Solution File, Format Version 12.00
# Visual Studio Version 17
VisualStudioVersion = 17.0.31903.59
MinimumVisualStudioVersion = 10.0.40219.1
Project("{FAE04EC0-301F-11D3-BF4B-00C04F79EFBC}") = "YaqeenPay.Domain", "YaqeenPay.Domain\YaqeenPay.Domain.csproj", "{5DF4ECED-B8EF-4BC1-8AE4-EAE13C29F680}"
EndProject
Project("{FAE04EC0-301F-11D3-BF4B-00C04F79EFBC}") = "YaqeenPay.Application", "YaqeenPay.Application\YaqeenPay.Application.csproj", "{6D0CE9AF-78FD-4AFC-B7E1-D8BF68EE2FCF}"
EndProject
Project("{FAE04EC0-301F-11D3-BF4B-00C04F79EFBC}") = "YaqeenPay.Infrastructure", "YaqeenPay.Infrastructure\YaqeenPay.Infrastructure.csproj", "{8058A8D1-16C2-4245-B245-428EC7957087}"
EndProject
Project("{FAE04EC0-301F-11D3-BF4B-00C04F79EFBC}") = "YaqeenPay.API", "YaqeenPay.API\YaqeenPay.API.csproj", "{2F97C197-C07E-4E3C-BC44-AB541E7B6E1F}"
EndProject
Project("{FAE04EC0-301F-11D3-BF4B-00C04F79EFBC}") = "YaqeenPay.Shared", "YaqeenPay.Shared\YaqeenPay.Shared.csproj", "{00FB15CB-39D2-4F86-88C5-4313BEF2392E}"
EndProject
Global
	GlobalSection(SolutionConfigurationPlatforms) = preSolution
		Debug|Any CPU = Debug|Any CPU
		Debug|x64 = Debug|x64
		Debug|x86 = Debug|x86
		Release|Any CPU = Release|Any CPU
		Release|x64 = Release|x64
		Release|x86 = Release|x86
	EndGlobalSection
	GlobalSection(ProjectConfigurationPlatforms) = postSolution
		{5DF4ECED-B8EF-4BC1-8AE4-EAE13C29F680}.Debug|Any CPU.ActiveCfg = Debug|Any CPU
		{5DF4ECED-B8EF-4BC1-8AE4-EAE13C29F680}.Debug|Any CPU.Build.0 = Debug|Any CPU
		{5DF4ECED-B8EF-4BC1-8AE4-EAE13C29F680}.Debug|x64.ActiveCfg = Debug|Any CPU
		{5DF4ECED-B8EF-4BC1-8AE4-EAE13C29F680}.Debug|x64.Build.0 = Debug|Any CPU
		{5DF4ECED-B8EF-4BC1-8AE4-EAE13C29F680}.Debug|x86.ActiveCfg = Debug|Any CPU
		{5DF4ECED-B8EF-4BC1-8AE4-EAE13C29F680}.Debug|x86.Build.0 = Debug|Any CPU
		{5DF4ECED-B8EF-4BC1-8AE4-EAE13C29F680}.Release|Any CPU.ActiveCfg = Release|Any CPU
		{5DF4ECED-B8EF-4BC1-8AE4-EAE13C29F680}.Release|Any CPU.Build.0 = Release|Any CPU
		{5DF4ECED-B8EF-4BC1-8AE4-EAE13C29F680}.Release|x64.ActiveCfg = Release|Any CPU
		{5DF4ECED-B8EF-4BC1-8AE4-EAE13C29F680}.Release|x64.Build.0 = Release|Any CPU
		{5DF4ECED-B8EF-4BC1-8AE4-EAE13C29F680}.Release|x86.ActiveCfg = Release|Any CPU
		{5DF4ECED-B8EF-4BC1-8AE4-EAE13C29F680}.Release|x86.Build.0 = Release|Any CPU
		{6D0CE9AF-78FD-4AFC-B7E1-D8BF68EE2FCF}.Debug|Any CPU.ActiveCfg = Debug|Any CPU
		{6D0CE9AF-78FD-4AFC-B7E1-D8BF68EE2FCF}.Debug|Any CPU.Build.0 = Debug|Any CPU
		{6D0CE9AF-78FD-4AFC-B7E1-D8BF68EE2FCF}.Debug|x64.ActiveCfg = Debug|Any CPU
		{6D0CE9AF-78FD-4AFC-B7E1-D8BF68EE2FCF}.Debug|x64.Build.0 = Debug|Any CPU
		{6D0CE9AF-78FD-4AFC-B7E1-D8BF68EE2FCF}.Debug|x86.ActiveCfg = Debug|Any CPU
		{6D0CE9AF-78FD-4AFC-B7E1-D8BF68EE2FCF}.Debug|x86.Build.0 = Debug|Any CPU
		{6D0CE9AF-78FD-4AFC-B7E1-D8BF68EE2FCF}.Release|Any CPU.ActiveCfg = Release|Any CPU
		{6D0CE9AF-78FD-4AFC-B7E1-D8BF68EE2FCF}.Release|Any CPU.Build.0 = Release|Any CPU
		{6D0CE9AF-78FD-4AFC-B7E1-D8BF68EE2FCF}.Release|x64.ActiveCfg = Release|Any CPU
		{6D0CE9AF-78FD-4AFC-B7E1-D8BF68EE2FCF}.Release|x64.Build.0 = Release|Any CPU
		{6D0CE9AF-78FD-4AFC-B7E1-D8BF68EE2FCF}.Release|x86.ActiveCfg = Release|Any CPU
		{6D0CE9AF-78FD-4AFC-B7E1-D8BF68EE2FCF}.Release|x86.Build.0 = Release|Any CPU
		{8058A8D1-16C2-4245-B245-428EC7957087}.Debug|Any CPU.ActiveCfg = Debug|Any CPU
		{8058A8D1-16C2-4245-B245-428EC7957087}.Debug|Any CPU.Build.0 = Debug|Any CPU
		{8058A8D1-16C2-4245-B245-428EC7957087}.Debug|x64.ActiveCfg = Debug|Any CPU
		{8058A8D1-16C2-4245-B245-428EC7957087}.Debug|x64.Build.0 = Debug|Any CPU
		{8058A8D1-16C2-4245-B245-428EC7957087}.Debug|x86.ActiveCfg = Debug|Any CPU
		{8058A8D1-16C2-4245-B245-428EC7957087}.Debug|x86.Build.0 = Debug|Any CPU
		{8058A8D1-16C2-4245-B245-428EC7957087}.Release|Any CPU.ActiveCfg = Release|Any CPU
		{8058A8D1-16C2-4245-B245-428EC7957087}.Release|Any CPU.Build.0 = Release|Any CPU
		{8058A8D1-16C2-4245-B245-428EC7957087}.Release|x64.ActiveCfg = Release|Any CPU
		{8058A8D1-16C2-4245-B245-428EC7957087}.Release|x64.Build.0 = Release|Any CPU
		{8058A8D1-16C2-4245-B245-428EC7957087}.Release|x86.ActiveCfg = Release|Any CPU
		{8058A8D1-16C2-4245-B245-428EC7957087}.Release|x86.Build.0 = Release|Any CPU
		{2F97C197-C07E-4E3C-BC44-AB541E7B6E1F}.Debug|Any CPU.ActiveCfg = Debug|Any CPU
		{2F97C197-C07E-4E3C-BC44-AB541E7B6E1F}.Debug|Any CPU.Build.0 = Debug|Any CPU
		{2F97C197-C07E-4E3C-BC44-AB541E7B6E1F}.Debug|x64.ActiveCfg = Debug|Any CPU
		{2F97C197-C07E-4E3C-BC44-AB541E7B6E1F}.Debug|x64.Build.0 = Debug|Any CPU
		{2F97C197-C07E-4E3C-BC44-AB541E7B6E1F}.Debug|x86.ActiveCfg = Debug|Any CPU
		{2F97C197-C07E-4E3C-BC44-AB541E7B6E1F}.Debug|x86.Build.0 = Debug|Any CPU
		{2F97C197-C07E-4E3C-BC44-AB541E7B6E1F}.Release|Any CPU.ActiveCfg = Release|Any CPU
		{2F97C197-C07E-4E3C-BC44-AB541E7B6E1F}.Release|Any CPU.Build.0 = Release|Any CPU
		{2F97C197-C07E-4E3C-BC44-AB541E7B6E1F}.Release|x64.ActiveCfg = Release|Any CPU
		{2F97C197-C07E-4E3C-BC44-AB541E7B6E1F}.Release|x64.Build.0 = Release|Any CPU
		{2F97C197-C07E-4E3C-BC44-AB541E7B6E1F}.Release|x86.ActiveCfg = Release|Any CPU
		{2F97C197-C07E-4E3C-BC44-AB541E7B6E1F}.Release|x86.Build.0 = Release|Any CPU
		{00FB15CB-39D2-4F86-88C5-4313BEF2392E}.Debug|Any CPU.ActiveCfg = Debug|Any CPU
		{00FB15CB-39D2-4F86-88C5-4313BEF2392E}.Debug|Any CPU.Build.0 = Debug|Any CPU
		{00FB15CB-39D2-4F86-88C5-4313BEF2392E}.Debug|x64.ActiveCfg = Debug|Any CPU
		{00FB15CB-39D2-4F86-88C5-4313BEF2392E}.Debug|x64.Build.0 = Debug|Any CPU
		{00FB15CB-39D2-4F86-88C5-4313BEF2392E}.Debug|x86.ActiveCfg = Debug|Any CPU
		{00FB15CB-39D2-4F86-88C5-4313BEF2392E}.Debug|x86.Build.0 = Debug|Any CPU
		{00FB15CB-39D2-4F86-88C5-4313BEF2392E}.Release|Any CPU.ActiveCfg = Release|Any CPU
		{00FB15CB-39D2-4F86-88C5-4313BEF2392E}.Release|Any CPU.Build.0 = Release|Any CPU
		{00FB15CB-39D2-4F86-88C5-4313BEF2392E}.Release|x64.ActiveCfg = Release|Any CPU
		{00FB15CB-39D2-4F86-88C5-4313BEF2392E}.Release|x64.Build.0 = Release|Any CPU
		{00FB15CB-39D2-4F86-88C5-4313BEF2392E}.Release|x86.ActiveCfg = Release|Any CPU
		{00FB15CB-39D2-4F86-88C5-4313BEF2392E}.Release|x86.Build.0 = Release|Any CPU
	EndGlobalSection
	GlobalSection(SolutionProperties) = preSolution
		HideSolutionNode = FALSE
	EndGlobalSection
EndGlobal
